
Microsoft Visual Studio Solution File, Format Version 12.00
# Visual Studio Version 17
VisualStudioVersion = 17.11.35327.3
MinimumVisualStudioVersion = 10.0.40219.1
Project("{9A19103F-16F7-4668-BE54-9A1E7A4F7556}") = "Ryn.Lexer", "Ryn.Lexer\Ryn.Lexer.csproj", "{7C3E9267-4D77-43FE-8F47-41ADD4F11E71}"
EndProject
Project("{FAE04EC0-301F-11D3-BF4B-00C04F79EFBC}") = "Ryn.Parser", "Ryn.Parser\Ryn.Parser.csproj", "{1F6DDFDF-A8BA-42D8-8E6D-BA1F3C76675C}"
EndProject
Project("{FAE04EC0-301F-11D3-BF4B-00C04F79EFBC}") = "Ryn.AST", "Ryn.AST\Ryn.AST.csproj", "{2BF05133-04F0-4441-81F9-42C2686450D7}"
EndProject
Project("{FAE04EC0-301F-11D3-BF4B-00C04F79EFBC}") = "Ryn.Semantic", "Ryn.Semantic\Ryn.Semantic.csproj", "{B78F49AF-ADE4-4B7E-B236-76367B90CA14}"
EndProject
Project("{FAE04EC0-301F-11D3-BF4B-00C04F79EFBC}") = "Ryn.CodeGen", "Ryn.CodeGen\Ryn.CodeGen.csproj", "{CD1B6E00-0A90-4B40-83FE-2A296106A5EF}"
EndProject
Project("{FAE04EC0-301F-11D3-BF4B-00C04F79EFBC}") = "Ryn.Runtime", "Ryn.Runtime\Ryn.Runtime.csproj", "{D82B55E7-5B93-44DB-87C2-7179A4F35CD5}"
EndProject
Project("{FAE04EC0-301F-11D3-BF4B-00C04F79EFBC}") = "Ryn.Compiler", "Ryn.Compiler\Ryn.Compiler.csproj", "{ADB9E201-9060-4B4D-AEE8-AB0930E13DE5}"
EndProject
Project("{FAE04EC0-301F-11D3-BF4B-00C04F79EFBC}") = "Ryn.Compuler.Tests", "Ryn.Compuler.Tests\Ryn.Compuler.Tests.csproj", "{13121989-6FB2-4406-B17B-CA1E4086B018}"
EndProject
Global
	GlobalSection(SolutionConfigurationPlatforms) = preSolution
		Debug|Any CPU = Debug|Any CPU
		Release|Any CPU = Release|Any CPU
	EndGlobalSection
	GlobalSection(ProjectConfigurationPlatforms) = postSolution
		{7C3E9267-4D77-43FE-8F47-41ADD4F11E71}.Debug|Any CPU.ActiveCfg = Debug|Any CPU
		{7C3E9267-4D77-43FE-8F47-41ADD4F11E71}.Debug|Any CPU.Build.0 = Debug|Any CPU
		{7C3E9267-4D77-43FE-8F47-41ADD4F11E71}.Release|Any CPU.ActiveCfg = Release|Any CPU
		{7C3E9267-4D77-43FE-8F47-41ADD4F11E71}.Release|Any CPU.Build.0 = Release|Any CPU
		{1F6DDFDF-A8BA-42D8-8E6D-BA1F3C76675C}.Debug|Any CPU.ActiveCfg = Debug|Any CPU
		{1F6DDFDF-A8BA-42D8-8E6D-BA1F3C76675C}.Debug|Any CPU.Build.0 = Debug|Any CPU
		{1F6DDFDF-A8BA-42D8-8E6D-BA1F3C76675C}.Release|Any CPU.ActiveCfg = Release|Any CPU
		{1F6DDFDF-A8BA-42D8-8E6D-BA1F3C76675C}.Release|Any CPU.Build.0 = Release|Any CPU
		{2BF05133-04F0-4441-81F9-42C2686450D7}.Debug|Any CPU.ActiveCfg = Debug|Any CPU
		{2BF05133-04F0-4441-81F9-42C2686450D7}.Debug|Any CPU.Build.0 = Debug|Any CPU
		{2BF05133-04F0-4441-81F9-42C2686450D7}.Release|Any CPU.ActiveCfg = Release|Any CPU
		{2BF05133-04F0-4441-81F9-42C2686450D7}.Release|Any CPU.Build.0 = Release|Any CPU
		{B78F49AF-ADE4-4B7E-B236-76367B90CA14}.Debug|Any CPU.ActiveCfg = Debug|Any CPU
		{B78F49AF-ADE4-4B7E-B236-76367B90CA14}.Debug|Any CPU.Build.0 = Debug|Any CPU
		{B78F49AF-ADE4-4B7E-B236-76367B90CA14}.Release|Any CPU.ActiveCfg = Release|Any CPU
		{B78F49AF-ADE4-4B7E-B236-76367B90CA14}.Release|Any CPU.Build.0 = Release|Any CPU
		{CD1B6E00-0A90-4B40-83FE-2A296106A5EF}.Debug|Any CPU.ActiveCfg = Debug|Any CPU
		{CD1B6E00-0A90-4B40-83FE-2A296106A5EF}.Debug|Any CPU.Build.0 = Debug|Any CPU
		{CD1B6E00-0A90-4B40-83FE-2A296106A5EF}.Release|Any CPU.ActiveCfg = Release|Any CPU
		{CD1B6E00-0A90-4B40-83FE-2A296106A5EF}.Release|Any CPU.Build.0 = Release|Any CPU
		{D82B55E7-5B93-44DB-87C2-7179A4F35CD5}.Debug|Any CPU.ActiveCfg = Debug|Any CPU
		{D82B55E7-5B93-44DB-87C2-7179A4F35CD5}.Debug|Any CPU.Build.0 = Debug|Any CPU
		{D82B55E7-5B93-44DB-87C2-7179A4F35CD5}.Release|Any CPU.ActiveCfg = Release|Any CPU
		{D82B55E7-5B93-44DB-87C2-7179A4F35CD5}.Release|Any CPU.Build.0 = Release|Any CPU
		{ADB9E201-9060-4B4D-AEE8-AB0930E13DE5}.Debug|Any CPU.ActiveCfg = Debug|Any CPU
		{ADB9E201-9060-4B4D-AEE8-AB0930E13DE5}.Debug|Any CPU.Build.0 = Debug|Any CPU
		{ADB9E201-9060-4B4D-AEE8-AB0930E13DE5}.Release|Any CPU.ActiveCfg = Release|Any CPU
		{ADB9E201-9060-4B4D-AEE8-AB0930E13DE5}.Release|Any CPU.Build.0 = Release|Any CPU
		{13121989-6FB2-4406-B17B-CA1E4086B018}.Debug|Any CPU.ActiveCfg = Debug|Any CPU
		{13121989-6FB2-4406-B17B-CA1E4086B018}.Debug|Any CPU.Build.0 = Debug|Any CPU
		{13121989-6FB2-4406-B17B-CA1E4086B018}.Release|Any CPU.ActiveCfg = Release|Any CPU
		{13121989-6FB2-4406-B17B-CA1E4086B018}.Release|Any CPU.Build.0 = Release|Any CPU
	EndGlobalSection
	GlobalSection(SolutionProperties) = preSolution
		HideSolutionNode = FALSE
	EndGlobalSection
	GlobalSection(ExtensibilityGlobals) = postSolution
		SolutionGuid = {7312214C-B208-4FCA-8282-4ABC180A4795}
	EndGlobalSection
EndGlobal
